
Microsoft Visual Studio Solution File, Format Version 12.00
# Visual Studio 2012
Project("{8BC9CEB8-8B4A-11D0-8D11-00A0C91BC942}") = "linked_queue", "linked_queue.vcxproj", "{A547A13B-E579-4A31-B014-EAF9E0F99654}"
EndProject
Global
	GlobalSection(SolutionConfigurationPlatforms) = preSolution
		Debug|Win32 = Debug|Win32
		Release|Win32 = Release|Win32
	EndGlobalSection
	GlobalSection(ProjectConfigurationPlatforms) = postSolution
		{A547A13B-E579-4A31-B014-EAF9E0F99654}.Debug|Win32.ActiveCfg = Debug|Win32
		{A547A13B-E579-4A31-B014-EAF9E0F99654}.Debug|Win32.Build.0 = Debug|Win32
		{A547A13B-E579-4A31-B014-EAF9E0F99654}.Debug|Win32.Deploy.0 = Debug|Win32
		{A547A13B-E579-4A31-B014-EAF9E0F99654}.Release|Win32.ActiveCfg = Release|Win32
		{A547A13B-E579-4A31-B014-EAF9E0F99654}.Release|Win32.Build.0 = Release|Win32
		{A547A13B-E579-4A31-B014-EAF9E0F99654}.Release|Win32.Deploy.0 = Release|Win32
	EndGlobalSection
	GlobalSection(SolutionProperties) = preSolution
		HideSolutionNode = FALSE
	EndGlobalSection
EndGlobal
